# THIS IS AN AUTOGENERATED FILE. DO NOT EDIT THIS FILE DIRECTLY.
# yarn lockfile v1


"@sentry/core@6.3.3":
  version "6.3.3"
  resolved "https://registry.npmjs.org/@sentry/core/-/core-6.3.3.tgz#8200434d2d753b2b9991ff1d0dfac3e88fc41245"
  integrity sha512-wbmXmhWHpbFLmXf9DBUOp9H5Ao+T8Ztn5KXoxDwBnsYXtgVIzQfdpRbtcNtvJJ/UPZ3H3rRHQ8zQTb5Ni99xYQ==
  dependencies:
    "@sentry/hub" "6.3.3"
    "@sentry/minimal" "6.3.3"
    "@sentry/types" "6.3.3"
    "@sentry/utils" "6.3.3"
    tslib "^1.9.3"

"@sentry/hub@6.3.3":
  version "6.3.3"
  resolved "https://registry.npmjs.org/@sentry/hub/-/hub-6.3.3.tgz#5d4a5307ac32fe5af337c380be0dd7f8796ee1a4"
  integrity sha512-vrJHrDKTCAL63dkNNll18Q1c7YjuIYYv5jY56RNUQpm+7sX4v+iw9giOI+iLbPKaGpEyraa17FeF/xO0SqIp9Q==
  dependencies:
    "@sentry/types" "6.3.3"
    "@sentry/utils" "6.3.3"
    tslib "^1.9.3"

"@sentry/minimal@6.3.3":
  version "6.3.3"
  resolved "https://registry.npmjs.org/@sentry/minimal/-/minimal-6.3.3.tgz#555d44ed68c2d775ec88711182971bf46021d426"
  integrity sha512-MKspEQ5hhTMrbeiNvkRGgm/NX2gM/Mni0vDJjuqQFi2Cd3RwA4ZVO6yRr6XzFPtTGgDsrXg75lQ8rma96Qs8/g==
  dependencies:
    "@sentry/hub" "6.3.3"
    "@sentry/types" "6.3.3"
    tslib "^1.9.3"

"@sentry/node@^6.3.3":
  version "6.3.3"
  resolved "https://registry.npmjs.org/@sentry/node/-/node-6.3.3.tgz#fb09f2c7dd76d73508662fd5b9900b79d503616e"
  integrity sha512-0o59a0yOUDeERpblJ+Jf8oZwPVViOQO0tlZ27kj8dD2gXrKtIXWDGukPNkF1QAxenNjo5VItOdSR+bc8/DeLYQ==
  dependencies:
    "@sentry/core" "6.3.3"
    "@sentry/hub" "6.3.3"
    "@sentry/tracing" "6.3.3"
    "@sentry/types" "6.3.3"
    "@sentry/utils" "6.3.3"
    cookie "^0.4.1"
    https-proxy-agent "^5.0.0"
    lru_map "^0.3.3"
    tslib "^1.9.3"

"@sentry/tracing@6.3.3", "@sentry/tracing@^6.3.3":
  version "6.3.3"
  resolved "https://registry.npmjs.org/@sentry/tracing/-/tracing-6.3.3.tgz#ae729a4fc1c887df6736435f41d0d4fa446f0d3d"
  integrity sha512-xtiUfgxDnxgcmwVeZiwOwlwSfT0zCCQWVRRUz6YOnuageEkJpJAXqGgpTTkB5tDrmt7E7Ikq5XF4qzQGMGQLWw==
  dependencies:
    "@sentry/hub" "6.3.3"
    "@sentry/minimal" "6.3.3"
    "@sentry/types" "6.3.3"
    "@sentry/utils" "6.3.3"
    tslib "^1.9.3"

"@sentry/types@6.3.3":
  version "6.3.3"
  resolved "https://registry.npmjs.org/@sentry/types/-/types-6.3.3.tgz#ef469899fa209dfd4a5b03a29aeea400bb73b56c"
  integrity sha512-UPHzhwqdjta7LCFfqNvJ5g79lRiXOxtgnIp7zlBkHU6yZs4fPnlBadljyi2gGFguN+C+XAukrbXUAq2mb+Mhdw==

"@sentry/utils@6.3.3":
  version "6.3.3"
  resolved "https://registry.npmjs.org/@sentry/utils/-/utils-6.3.3.tgz#581491ce738f855d643758a4581609106166d611"
  integrity sha512-Kz546LeF6Ff/FU53XUVaairMQYFc6sIHBvE5ReZmfDRpaR+qZnfIbWhfoIbSwyBbtF+T8/gcU7mcZpZQmM5jLw==
  dependencies:
    "@sentry/types" "6.3.3"
    tslib "^1.9.3"

"@sindresorhus/slugify@^1.1.0":
  version "1.1.0"
  resolved "https://registry.yarnpkg.com/@sindresorhus/slugify/-/slugify-1.1.0.tgz#2f195365d9b953384305b62664b44b4036c49430"
  integrity sha512-ujZRbmmizX26yS/HnB3P9QNlNa4+UvHh+rIse3RbOXLp8yl6n1TxB4t7NHggtVgS8QmmOtzXo48kCxZGACpkPw==
  dependencies:
    "@sindresorhus/transliterate" "^0.1.1"
    escape-string-regexp "^4.0.0"

"@sindresorhus/transliterate@^0.1.1":
  version "0.1.1"
  resolved "https://registry.yarnpkg.com/@sindresorhus/transliterate/-/transliterate-0.1.1.tgz#779b31244781d3c898f185b61d58c89e7c782674"
  integrity sha512-QSdIQ5keUFAZ3KLbfbsntW39ox0Ym8183RqTwBq/ZEFoN3NQAtGV+qWaNdzKpIDHgj9J2CQ2iNDRVU11Zyr7MQ==
  dependencies:
    escape-string-regexp "^2.0.0"
    lodash.deburr "^4.1.0"

agent-base@6:
  version "6.0.2"
  resolved "https://registry.npmjs.org/agent-base/-/agent-base-6.0.2.tgz#49fff58577cfee3f37176feab4c22e00f86d7f77"
  integrity sha512-RZNwNclF7+MS/8bDg70amg32dyeZGZxiDuQmZxKLAlQjr3jGyLx+4Kkk58UO7D2QdgFIQCovuSuZESne6RG6XQ==
  dependencies:
    debug "4"

ansi-escapes@^4.2.1:
  version "4.3.1"
  resolved "https://registry.yarnpkg.com/ansi-escapes/-/ansi-escapes-4.3.1.tgz#a5c47cc43181f1f38ffd7076837700d395522a61"
  integrity sha512-JWF7ocqNrp8u9oqpgV+wH5ftbt+cfvv+PTjOvKLT3AdYly/LmORARfEVT1iyjwN+4MqE5UmVKoAdIBqeoCHgLA==
  dependencies:
    type-fest "^0.11.0"

ansi-regex@^5.0.0:
  version "5.0.0"
  resolved "https://registry.yarnpkg.com/ansi-regex/-/ansi-regex-5.0.0.tgz#388539f55179bf39339c81af30a654d69f87cb75"
  integrity sha512-bY6fj56OUQ0hU1KjFNDQuJFezqKdrAyFdIevADiqrWHwSlbmBNMHp5ak2f40Pm8JTFyM2mqxkG6ngkHO11f/lg==

ansi-styles@^4.1.0:
  version "4.3.0"
  resolved "https://registry.yarnpkg.com/ansi-styles/-/ansi-styles-4.3.0.tgz#edd803628ae71c04c85ae7a0906edad34b648937"
  integrity sha512-zbB9rCJAT1rbjiVDb2hqKFHNYLxgtk8NURxZ3IZwD3F6NtxbXZQCnnSi1Lkx+IDohdPlFp222wVALIheZJQSEg==
  dependencies:
    color-convert "^2.0.1"

arg@^5.0.0:
  version "5.0.0"
  resolved "https://registry.yarnpkg.com/arg/-/arg-5.0.0.tgz#a20e2bb5710e82950a516b3f933fee5ed478be90"
  integrity sha512-4P8Zm2H+BRS+c/xX1LrHw0qKpEhdlZjLCgWy+d78T9vqa2Z2SiD2wMrYuWIAFy5IZUD7nnNXroRttz+0RzlrzQ==

at-least-node@^1.0.0:
  version "1.0.0"
  resolved "https://registry.yarnpkg.com/at-least-node/-/at-least-node-1.0.0.tgz#602cd4b46e844ad4effc92a8011a3c46e0238dc2"
  integrity sha512-+q/t7Ekv1EDY2l6Gda6LLiX14rU9TV20Wa3ofeQmwPFZbOMo9DXrLbOjFaaclkXKWidIaopwAObQDqwWtGUjqg==

base64-js@^1.3.1:
  version "1.5.1"
  resolved "https://registry.yarnpkg.com/base64-js/-/base64-js-1.5.1.tgz#1b1b440160a5bf7ad40b650f095963481903930a"
  integrity sha512-AKpaYlHn8t4SVbOHCy+b5+KKgvR4vrsD8vbvrbiQJps7fKDTkjkDry6ji0rUJjC0kzbNePLwzxq8iypo41qeWA==

bl@^4.0.3:
  version "4.0.3"
  resolved "https://registry.yarnpkg.com/bl/-/bl-4.0.3.tgz#12d6287adc29080e22a705e5764b2a9522cdc489"
  integrity sha512-fs4G6/Hu4/EE+F75J8DuN/0IpQqNjAdC7aEQv7Qt8MHGUH7Ckv2MwTEEeN9QehD0pfIDkMI1bkHYkKy7xHyKIg==
  dependencies:
    buffer "^5.5.0"
    inherits "^2.0.4"
    readable-stream "^3.4.0"

buffer@^5.5.0:
  version "5.7.1"
  resolved "https://registry.yarnpkg.com/buffer/-/buffer-5.7.1.tgz#ba62e7c13133053582197160851a8f648e99eed0"
  integrity sha512-EHcyIPBQ4BSGlvjB16k5KgAJ27CIsHY/2JBmCRReo48y9rQ3MaUzWX3KVlBa4U7MyX02HdVj0K7C3WaB3ju7FQ==
  dependencies:
    base64-js "^1.3.1"
    ieee754 "^1.1.13"

chalk@^4.0.0, chalk@^4.1.0:
  version "4.1.0"
  resolved "https://registry.yarnpkg.com/chalk/-/chalk-4.1.0.tgz#4e14870a618d9e2edd97dd8345fd9d9dc315646a"
  integrity sha512-qwx12AxXe2Q5xQ43Ac//I6v5aXTipYrSESdOgzrN+9XjgEpyjpKuvSGaN4qE93f7TQTlerQQ8S+EQ0EyDoVL1A==
  dependencies:
    ansi-styles "^4.1.0"
    supports-color "^7.1.0"

cli-cursor@^3.1.0:
  version "3.1.0"
  resolved "https://registry.yarnpkg.com/cli-cursor/-/cli-cursor-3.1.0.tgz#264305a7ae490d1d03bf0c9ba7c925d1753af307"
  integrity sha512-I/zHAwsKf9FqGoXM4WWRACob9+SNukZTd94DWF57E4toouRulbCxcUh6RKUEOQlYTHJnzkPMySvPNaaSLNfLZw==
  dependencies:
    restore-cursor "^3.1.0"

cli-spinners@^2.5.0:
  version "2.5.0"
  resolved "https://registry.yarnpkg.com/cli-spinners/-/cli-spinners-2.5.0.tgz#12763e47251bf951cb75c201dfa58ff1bcb2d047"
  integrity sha512-PC+AmIuK04E6aeSs/pUccSujsTzBhu4HzC2dL+CfJB/Jcc2qTRbEwZQDfIUpt2Xl8BodYBEq8w4fc0kU2I9DjQ==

clone@^1.0.2:
  version "1.0.4"
  resolved "https://registry.yarnpkg.com/clone/-/clone-1.0.4.tgz#da309cc263df15994c688ca902179ca3c7cd7c7e"
  integrity sha1-2jCcwmPfFZlMaIypAheco8fNfH4=

color-convert@^2.0.1:
  version "2.0.1"
  resolved "https://registry.yarnpkg.com/color-convert/-/color-convert-2.0.1.tgz#72d3a68d598c9bdb3af2ad1e84f21d896abd4de3"
  integrity sha512-RRECPsj7iu/xb5oKYcsFHSppFNnsj/52OVTRKb4zP5onXwVF3zVmmToNcOfGC+CRDpfK/U584fMg38ZHCaElKQ==
  dependencies:
    color-name "~1.1.4"

color-name@~1.1.4:
  version "1.1.4"
  resolved "https://registry.yarnpkg.com/color-name/-/color-name-1.1.4.tgz#c2a09a87acbde69543de6f63fa3995c826c536a2"
  integrity sha512-dOy+3AuW3a2wNbZHIuMZpTcgjGuLU/uBL/ubcZF9OXbDo8ff4O8yVp5Bf0efS8uEoYo5q4Fx7dY9OgQGXgAsQA==

command-exists@^1.2.9:
  version "1.2.9"
  resolved "https://registry.yarnpkg.com/command-exists/-/command-exists-1.2.9.tgz#c50725af3808c8ab0260fd60b01fbfa25b954f69"
  integrity sha512-LTQ/SGc+s0Xc0Fu5WaKnR0YiygZkm9eKFvyS+fRsU7/ZWFF8ykFM6Pc9aCVf1+xasOOZpO3BAVgVrKvsqKHV7w==

cookie@^0.4.1:
  version "0.4.1"
  resolved "https://registry.npmjs.org/cookie/-/cookie-0.4.1.tgz#afd713fe26ebd21ba95ceb61f9a8116e50a537d1"
  integrity sha512-ZwrFkGJxUR3EIoXtO+yVE69Eb7KlixbaeAWfBQB9vVsNn/o+Yw69gBWSSDK825hQNdN+wF8zELf3dFNl/kxkUA==

cross-spawn@^7.0.3:
  version "7.0.3"
  resolved "https://registry.yarnpkg.com/cross-spawn/-/cross-spawn-7.0.3.tgz#f73a85b9d5d41d045551c177e2882d4ac85728a6"
  integrity sha512-iRDPJKUPVEND7dHPO8rkbOnPpyDygcDFtWjpeWNCgy8WP2rXcxXL8TskReQl6OrB2G7+UJrags1q15Fudc7G6w==
  dependencies:
    path-key "^3.1.0"
    shebang-command "^2.0.0"
    which "^2.0.1"

debug@4:
  version "4.3.1"
  resolved "https://registry.npmjs.org/debug/-/debug-4.3.1.tgz#f0d229c505e0c6d8c49ac553d1b13dc183f6b2ee"
  integrity sha512-doEwdvm4PCeK4K3RQN2ZC2BYUBaxwLARCqZmMjtF8a51J2Rb0xpVloFRnCODwqjpwnAoao4pelN8l3RJdv3gRQ==
  dependencies:
    ms "2.1.2"

defaults@^1.0.3:
  version "1.0.3"
  resolved "https://registry.yarnpkg.com/defaults/-/defaults-1.0.3.tgz#c656051e9817d9ff08ed881477f3fe4019f3ef7d"
  integrity sha1-xlYFHpgX2f8I7YgUd/P+QBnz730=
  dependencies:
    clone "^1.0.2"

escape-string-regexp@^1.0.5:
  version "1.0.5"
  resolved "https://registry.yarnpkg.com/escape-string-regexp/-/escape-string-regexp-1.0.5.tgz#1b61c0562190a8dff6ae3bb2cf0200ca130b86d4"
  integrity sha1-G2HAViGQqN/2rjuyzwIAyhMLhtQ=

escape-string-regexp@^2.0.0:
  version "2.0.0"
  resolved "https://registry.yarnpkg.com/escape-string-regexp/-/escape-string-regexp-2.0.0.tgz#a30304e99daa32e23b2fd20f51babd07cffca344"
  integrity sha512-UpzcLCXolUWcNu5HtVMHYdXJjArjsF9C0aNnquZYY4uW/Vu0miy5YoWvbV345HauVvcAUnpRuhMMcqTcGOY2+w==

escape-string-regexp@^4.0.0:
  version "4.0.0"
  resolved "https://registry.yarnpkg.com/escape-string-regexp/-/escape-string-regexp-4.0.0.tgz#14ba83a5d373e3d311e5afca29cf5bfad965bf34"
  integrity sha512-TtpcNJ3XAzx3Gq8sWRzJaVajRs0uVxA2YAkdb1jm2YkPz4G6egUFAyA3n5vtEIZefPk5Wa4UXbKuS5fKkJWdgA==

execa@^5.0.0:
  version "5.0.0"
  resolved "https://registry.yarnpkg.com/execa/-/execa-5.0.0.tgz#4029b0007998a841fbd1032e5f4de86a3c1e3376"
  integrity sha512-ov6w/2LCiuyO4RLYGdpFGjkcs0wMTgGE8PrkTHikeUy5iJekXyPIKUjifk5CsE0pt7sMCrMZ3YNqoCj6idQOnQ==
  dependencies:
    cross-spawn "^7.0.3"
    get-stream "^6.0.0"
    human-signals "^2.1.0"
    is-stream "^2.0.0"
    merge-stream "^2.0.0"
    npm-run-path "^4.0.1"
    onetime "^5.1.2"
    signal-exit "^3.0.3"
    strip-final-newline "^2.0.0"

figures@^3.2.0:
  version "3.2.0"
  resolved "https://registry.yarnpkg.com/figures/-/figures-3.2.0.tgz#625c18bd293c604dc4a8ddb2febf0c88341746af"
  integrity sha512-yaduQFRKLXYOGgEn6AZau90j3ggSOyiqXU0F9JZfeXYhNa+Jk4X+s45A2zg5jns87GAFa34BBm2kXw4XpNcbdg==
  dependencies:
    escape-string-regexp "^1.0.5"

fs-extra@^9.0.1:
  version "9.0.1"
  resolved "https://registry.yarnpkg.com/fs-extra/-/fs-extra-9.0.1.tgz#910da0062437ba4c39fedd863f1675ccfefcb9fc"
  integrity sha512-h2iAoN838FqAFJY2/qVpzFXy+EBxfVE220PalAqQLDVsFOHLJrZvut5puAbCdNv6WJk+B8ihI+k0c7JK5erwqQ==
  dependencies:
    at-least-node "^1.0.0"
    graceful-fs "^4.2.0"
    jsonfile "^6.0.1"
    universalify "^1.0.0"

get-stream@^6.0.0:
  version "6.0.0"
  resolved "https://registry.yarnpkg.com/get-stream/-/get-stream-6.0.0.tgz#3e0012cb6827319da2706e601a1583e8629a6718"
  integrity sha512-A1B3Bh1UmL0bidM/YX2NsCOTnGJePL9rO/M+Mw3m9f2gUpfokS0hi5Eah0WSUEWZdZhIZtMjkIYS7mDfOqNHbg==

graceful-fs@^4.1.6, graceful-fs@^4.2.0:
  version "4.2.4"
  resolved "https://registry.yarnpkg.com/graceful-fs/-/graceful-fs-4.2.4.tgz#2256bde14d3632958c465ebc96dc467ca07a29fb"
  integrity sha512-WjKPNJF79dtJAVniUlGGWHYGz2jWxT6VhN/4m1NdkbZ2nOsEF+cI1Edgql5zCRhs/VsQYRvrXctxktVXZUkixw==

has-flag@^4.0.0:
  version "4.0.0"
  resolved "https://registry.yarnpkg.com/has-flag/-/has-flag-4.0.0.tgz#944771fd9c81c81265c4d6941860da06bb59479b"
  integrity sha512-EykJT/Q1KjTWctppgIAgfSO0tKVuZUjhgMr17kqTumMl6Afv3EISleU7qZUzoXDFTAHTDC4NOoG/ZxU3EvlMPQ==

https-proxy-agent@^5.0.0:
  version "5.0.0"
  resolved "https://registry.npmjs.org/https-proxy-agent/-/https-proxy-agent-5.0.0.tgz#e2a90542abb68a762e0a0850f6c9edadfd8506b2"
  integrity sha512-EkYm5BcKUGiduxzSt3Eppko+PiNWNEpa4ySk9vTC6wDsQJW9rHSa+UhGNJoRYp7bz6Ht1eaRIa6QaJqO5rCFbA==
  dependencies:
    agent-base "6"
    debug "4"

human-signals@^2.1.0:
  version "2.1.0"
  resolved "https://registry.yarnpkg.com/human-signals/-/human-signals-2.1.0.tgz#dc91fcba42e4d06e4abaed33b3e7a3c02f514ea0"
  integrity sha512-B4FFZ6q/T2jhhksgkbEW3HBvWIfDW85snkQgawt07S7J5QXTk6BkNV+0yAeZrM5QpMAdYlocGoljn0sJ/WQkFw==

ieee754@^1.1.13:
  version "1.2.1"
  resolved "https://registry.yarnpkg.com/ieee754/-/ieee754-1.2.1.tgz#8eb7a10a63fff25d15a57b001586d177d1b0d352"
  integrity sha512-dcyqhDvX1C46lXZcVqCpK+FtMRQVdIMN6/Df5js2zouUsqG7I6sFxitIC+7KYK29KdXOLHdu9zL4sFnoVQnqaA==

inherits@^2.0.3, inherits@^2.0.4:
  version "2.0.4"
  resolved "https://registry.yarnpkg.com/inherits/-/inherits-2.0.4.tgz#0fa2c64f932917c3433a0ded55363aae37416b7c"
  integrity sha512-k/vGaX4/Yla3WzyMCvTQOXYeIHvqOKtnqBduzTHpzpQZzAskKMhZ2K+EnBiSM9zGSoIFeMpXKxa4dYeZIQqewQ==

is-interactive@^1.0.0:
  version "1.0.0"
  resolved "https://registry.yarnpkg.com/is-interactive/-/is-interactive-1.0.0.tgz#cea6e6ae5c870a7b0a0004070b7b587e0252912e"
  integrity sha512-2HvIEKRoqS62guEC+qBjpvRubdX910WCMuJTZ+I9yvqKU2/12eSL549HMwtabb4oupdj2sMP50k+XJfB/8JE6w==

is-stream@^2.0.0:
  version "2.0.0"
  resolved "https://registry.yarnpkg.com/is-stream/-/is-stream-2.0.0.tgz#bde9c32680d6fae04129d6ac9d921ce7815f78e3"
  integrity sha512-XCoy+WlUr7d1+Z8GgSuXmpuUFC9fOhRXglJMx+dwLKTkL44Cjd4W1Z5P+BQZpr+cR93aGP4S/s7Ftw6Nd/kiEw==

isexe@^2.0.0:
  version "2.0.0"
  resolved "https://registry.yarnpkg.com/isexe/-/isexe-2.0.0.tgz#e8fbf374dc556ff8947a10dcb0572d633f2cfa10"
  integrity sha1-6PvzdNxVb/iUehDcsFctYz8s+hA=

jsonfile@^6.0.1:
  version "6.1.0"
  resolved "https://registry.yarnpkg.com/jsonfile/-/jsonfile-6.1.0.tgz#bc55b2634793c679ec6403094eb13698a6ec0aae"
  integrity sha512-5dgndWOriYSm5cnYaJNhalLNDKOqFwyDB/rr1E9ZsGciGvKPs8R2xYGCacuf3z6K1YKDz182fd+fY3cn3pMqXQ==
  dependencies:
    universalify "^2.0.0"
  optionalDependencies:
    graceful-fs "^4.1.6"

kleur@^3.0.3:
  version "3.0.3"
  resolved "https://registry.yarnpkg.com/kleur/-/kleur-3.0.3.tgz#a79c9ecc86ee1ce3fa6206d1216c501f147fc07e"
  integrity sha512-eTIzlVOSUR+JxdDFepEYcBMtZ9Qqdef+rnzWdRZuMbOywu5tO2w2N7rqjoANZ5k9vywhL6Br1VRjUIgTQx4E8w==

lodash.deburr@^4.1.0:
  version "4.1.0"
  resolved "https://registry.yarnpkg.com/lodash.deburr/-/lodash.deburr-4.1.0.tgz#ddb1bbb3ef07458c0177ba07de14422cb033ff9b"
  integrity sha1-3bG7s+8HRYwBd7oH3hRCLLAz/5s=

log-symbols@^4.0.0:
  version "4.0.0"
  resolved "https://registry.yarnpkg.com/log-symbols/-/log-symbols-4.0.0.tgz#69b3cc46d20f448eccdb75ea1fa733d9e821c920"
  integrity sha512-FN8JBzLx6CzeMrB0tg6pqlGU1wCrXW+ZXGH481kfsBqer0hToTIiHdjH4Mq8xJUbvATujKCvaREGWpGUionraA==
  dependencies:
    chalk "^4.0.0"

lru_map@^0.3.3:
  version "0.3.3"
  resolved "https://registry.npmjs.org/lru_map/-/lru_map-0.3.3.tgz#b5c8351b9464cbd750335a79650a0ec0e56118dd"
  integrity sha1-tcg1G5Rky9dQM1p5ZQoOwOVhGN0=

merge-stream@^2.0.0:
  version "2.0.0"
  resolved "https://registry.yarnpkg.com/merge-stream/-/merge-stream-2.0.0.tgz#52823629a14dd00c9770fb6ad47dc6310f2c1f60"
  integrity sha512-abv/qOcuPfk3URPfDzmZU1LKmuw8kT+0nIHvKrKgFrwifol/doWcdA4ZqsWQ8ENrFKkd67Mfpo/LovbIUsbt3w==

mimic-fn@^2.1.0:
  version "2.1.0"
  resolved "https://registry.yarnpkg.com/mimic-fn/-/mimic-fn-2.1.0.tgz#7ed2c2ccccaf84d3ffcb7a69b57711fc2083401b"
  integrity sha512-OqbOk5oEQeAZ8WXWydlu9HJjz9WVdEIvamMCcXmuqUYjTknH/sqsWvhQ3vgwKFRR1HpjvNBKQ37nbJgYzGqGcg==

ms@2.1.2:
  version "2.1.2"
  resolved "https://registry.npmjs.org/ms/-/ms-2.1.2.tgz#d09d1f357b443f493382a8eb3ccd183872ae6009"
  integrity sha512-sGkPx+VjMtmA6MX27oA4FBFELFCZZ4S4XqeGOXCv68tT+jb3vk/RyaKWP0PTKyWtmLSM0b+adUTEvbs1PEaH2w==

npm-run-path@^4.0.1:
  version "4.0.1"
  resolved "https://registry.yarnpkg.com/npm-run-path/-/npm-run-path-4.0.1.tgz#b7ecd1e5ed53da8e37a55e1c2269e0b97ed748ea"
  integrity sha512-S48WzZW777zhNIrn7gxOlISNAqi9ZC/uQFnRdbeIHhZhCA6UqpkOT8T1G7BvfdgP4Er8gF4sUbaS0i7QvIfCWw==
  dependencies:
    path-key "^3.0.0"

onetime@^5.1.0, onetime@^5.1.2:
  version "5.1.2"
  resolved "https://registry.yarnpkg.com/onetime/-/onetime-5.1.2.tgz#d0e96ebb56b07476df1dd9c4806e5237985ca45e"
  integrity sha512-kbpaSSGJTWdAY5KPVeMOKXSrPtr8C8C7wodJbcsd51jRnmD+GZu8Y0VoU6Dm5Z4vWr0Ig/1NKuWRKf7j5aaYSg==
  dependencies:
    mimic-fn "^2.1.0"

ora@^5.1.0:
  version "5.2.0"
  resolved "https://registry.yarnpkg.com/ora/-/ora-5.2.0.tgz#de10bfd2d15514384af45f3fa9d9b1aaf344fda1"
  integrity sha512-+wG2v8TUU8EgzPHun1k/n45pXquQ9fHnbXVetl9rRgO6kjZszGGbraF3XPTIdgeA+s1lbRjSEftAnyT0w8ZMvQ==
  dependencies:
    bl "^4.0.3"
    chalk "^4.1.0"
    cli-cursor "^3.1.0"
    cli-spinners "^2.5.0"
    is-interactive "^1.0.0"
    log-symbols "^4.0.0"
    strip-ansi "^6.0.0"
    wcwidth "^1.0.1"

path-key@^3.0.0, path-key@^3.1.0:
  version "3.1.1"
  resolved "https://registry.yarnpkg.com/path-key/-/path-key-3.1.1.tgz#581f6ade658cbba65a0d3380de7753295054f375"
  integrity sha512-ojmeN0qd+y0jszEtoY48r0Peq5dwMEkIlCOu6Q5f41lfkswXuKtYrhgoTpLnyIcHm24Uhqx+5Tqm2InSwLhE6Q==

prompts@^2.4.0:
  version "2.4.0"
  resolved "https://registry.yarnpkg.com/prompts/-/prompts-2.4.0.tgz#4aa5de0723a231d1ee9121c40fdf663df73f61d7"
  integrity sha512-awZAKrk3vN6CroQukBL+R9051a4R3zCZBlJm/HBfrSZ8iTpYix3VX1vU4mveiLpiwmOJT4wokTF9m6HUk4KqWQ==
  dependencies:
    kleur "^3.0.3"
    sisteransi "^1.0.5"

readable-stream@^3.4.0:
  version "3.6.0"
  resolved "https://registry.yarnpkg.com/readable-stream/-/readable-stream-3.6.0.tgz#337bbda3adc0706bd3e024426a286d4b4b2c9198"
  integrity sha512-BViHy7LKeTz4oNnkcLJ+lVSL6vpiFeX6/d3oSH8zCW7UxP2onchk+vTGB143xuFjHS3deTgkKoXXymXqymiIdA==
  dependencies:
    inherits "^2.0.3"
    string_decoder "^1.1.1"
    util-deprecate "^1.0.1"

restore-cursor@^3.1.0:
  version "3.1.0"
  resolved "https://registry.yarnpkg.com/restore-cursor/-/restore-cursor-3.1.0.tgz#39f67c54b3a7a58cea5236d95cf0034239631f7e"
  integrity sha512-l+sSefzHpj5qimhFSE5a8nufZYAM3sBSVMAPtYkmC+4EH2anSGaEMXSD0izRQbu9nfyQ9y5JrVmp7E8oZrUjvA==
  dependencies:
    onetime "^5.1.0"
    signal-exit "^3.0.2"

safe-buffer@~5.2.0:
  version "5.2.1"
  resolved "https://registry.yarnpkg.com/safe-buffer/-/safe-buffer-5.2.1.tgz#1eaf9fa9bdb1fdd4ec75f58f9cdb4e6b7827eec6"
  integrity sha512-rp3So07KcdmmKbGvgaNxQSJr7bGVSVk5S9Eq1F+ppbRo70+YeaDxkw5Dd8NPN+GD6bjnYm2VuPuCXmpuYvmCXQ==

shebang-command@^2.0.0:
  version "2.0.0"
  resolved "https://registry.yarnpkg.com/shebang-command/-/shebang-command-2.0.0.tgz#ccd0af4f8835fbdc265b82461aaf0c36663f34ea"
  integrity sha512-kHxr2zZpYtdmrN1qDjrrX/Z1rR1kG8Dx+gkpK1G4eXmvXswmcE1hTWBWYUzlraYw1/yZp6YuDY77YtvbN0dmDA==
  dependencies:
    shebang-regex "^3.0.0"

shebang-regex@^3.0.0:
  version "3.0.0"
  resolved "https://registry.yarnpkg.com/shebang-regex/-/shebang-regex-3.0.0.tgz#ae16f1644d873ecad843b0307b143362d4c42172"
  integrity sha512-7++dFhtcx3353uBaq8DDR4NuxBetBzC7ZQOhmTQInHEd6bSrXdiEyzCvG07Z44UYdLShWUyXt5M/yhz8ekcb1A==

signal-exit@^3.0.2, signal-exit@^3.0.3:
  version "3.0.3"
  resolved "https://registry.yarnpkg.com/signal-exit/-/signal-exit-3.0.3.tgz#a1410c2edd8f077b08b4e253c8eacfcaf057461c"
  integrity sha512-VUJ49FC8U1OxwZLxIbTTrDvLnf/6TDgxZcK8wxR8zs13xpx7xbG60ndBlhNrFi2EMuFRoeDoJO7wthSLq42EjA==

sisteransi@^1.0.5:
  version "1.0.5"
  resolved "https://registry.yarnpkg.com/sisteransi/-/sisteransi-1.0.5.tgz#134d681297756437cc05ca01370d3a7a571075ed"
  integrity sha512-bLGGlR1QxBcynn2d5YmDX4MGjlZvy2MRBDRNHLJ8VI6l6+9FUiyTFNJ0IveOSP0bcXgVDPRcfGqA0pjaqUpfVg==

string_decoder@^1.1.1:
  version "1.3.0"
  resolved "https://registry.yarnpkg.com/string_decoder/-/string_decoder-1.3.0.tgz#42f114594a46cf1a8e30b0a84f56c78c3edac21e"
  integrity sha512-hkRX8U1WjJFd8LsDJ2yQ/wWWxaopEsABU1XfkM8A+j0+85JAGppt16cr1Whg6KIbb4okU6Mql6BOj+uup/wKeA==
  dependencies:
    safe-buffer "~5.2.0"

strip-ansi@^6.0.0:
  version "6.0.0"
  resolved "https://registry.yarnpkg.com/strip-ansi/-/strip-ansi-6.0.0.tgz#0b1571dd7669ccd4f3e06e14ef1eed26225ae532"
  integrity sha512-AuvKTrTfQNYNIctbR1K/YGTR1756GycPsg7b9bdV9Duqur4gv6aKqHXah67Z8ImS7WEz5QVcOtlfW2rZEugt6w==
  dependencies:
    ansi-regex "^5.0.0"

strip-final-newline@^2.0.0:
  version "2.0.0"
  resolved "https://registry.yarnpkg.com/strip-final-newline/-/strip-final-newline-2.0.0.tgz#89b852fb2fcbe936f6f4b3187afb0a12c1ab58ad"
  integrity sha512-BrpvfNAE3dcvq7ll3xVumzjKjZQ5tI1sEUIKr3Uoks0XUl45St3FlatVqef9prk4jRDzhW6WZg+3bk93y6pLjA==

supports-color@^7.0.0, supports-color@^7.1.0:
  version "7.2.0"
  resolved "https://registry.yarnpkg.com/supports-color/-/supports-color-7.2.0.tgz#1b7dcdcb32b8138801b3e478ba6a51caa89648da"
  integrity sha512-qpCAvRl9stuOHveKsn7HncJRvv501qIacKzQlO/+Lwxc9+0q2wLyv4Dfvt80/DPn2pqOBsJdDiogXGR9+OvwRw==
  dependencies:
    has-flag "^4.0.0"

supports-hyperlinks@^2.0.0:
  version "2.1.0"
  resolved "https://registry.yarnpkg.com/supports-hyperlinks/-/supports-hyperlinks-2.1.0.tgz#f663df252af5f37c5d49bbd7eeefa9e0b9e59e47"
  integrity sha512-zoE5/e+dnEijk6ASB6/qrK+oYdm2do1hjoLWrqUC/8WEIW1gbxFcKuBof7sW8ArN6e+AYvsE8HBGiVRWL/F5CA==
  dependencies:
    has-flag "^4.0.0"
    supports-color "^7.0.0"

terminal-link@^2.1.1:
  version "2.1.1"
  resolved "https://registry.yarnpkg.com/terminal-link/-/terminal-link-2.1.1.tgz#14a64a27ab3c0df933ea546fba55f2d078edc994"
  integrity sha512-un0FmiRUQNr5PJqy9kP7c40F5BOfpGlYTrxonDChEZB7pzZxRNp/bt+ymiy9/npwXya9KH99nJ/GXFIiUkYGFQ==
  dependencies:
    ansi-escapes "^4.2.1"
    supports-hyperlinks "^2.0.0"

tslib@^1.9.3:
  version "1.14.1"
  resolved "https://registry.npmjs.org/tslib/-/tslib-1.14.1.tgz#cf2d38bdc34a134bcaf1091c41f6619e2f672d00"
  integrity sha512-Xni35NKzjgMrwevysHTCArtLDpPvye8zV/0E4EyYn43P7/7qvQwPh9BGkHewbMulVntbigmcT7rdX3BNo9wRJg==

type-fest@^0.11.0:
  version "0.11.0"
  resolved "https://registry.yarnpkg.com/type-fest/-/type-fest-0.11.0.tgz#97abf0872310fed88a5c466b25681576145e33f1"
  integrity sha512-OdjXJxnCN1AvyLSzeKIgXTXxV+99ZuXl3Hpo9XpJAv9MBcHrrJOQ5kV7ypXOuQie+AmWG25hLbiKdwYTifzcfQ==

universalify@^1.0.0:
  version "1.0.0"
  resolved "https://registry.yarnpkg.com/universalify/-/universalify-1.0.0.tgz#b61a1da173e8435b2fe3c67d29b9adf8594bd16d"
  integrity sha512-rb6X1W158d7pRQBg5gkR8uPaSfiids68LTJQYOtEUhoJUWBdaQHsuT/EUduxXYxcrt4r5PJ4fuHW1MHT6p0qug==

universalify@^2.0.0:
  version "2.0.0"
  resolved "https://registry.yarnpkg.com/universalify/-/universalify-2.0.0.tgz#75a4984efedc4b08975c5aeb73f530d02df25717"
  integrity sha512-hAZsKq7Yy11Zu1DE0OzWjw7nnLZmJZYTDZZyEFHZdUhV8FkH5MCfoU1XMaxXovpyW5nq5scPqq0ZDP9Zyl04oQ==

util-deprecate@^1.0.1:
  version "1.0.2"
  resolved "https://registry.yarnpkg.com/util-deprecate/-/util-deprecate-1.0.2.tgz#450d4dc9fa70de732762fbd2d4a28981419a0ccf"
  integrity sha1-RQ1Nyfpw3nMnYvvS1KKJgUGaDM8=

wcwidth@^1.0.1:
  version "1.0.1"
  resolved "https://registry.yarnpkg.com/wcwidth/-/wcwidth-1.0.1.tgz#f0b0dcf915bc5ff1528afadb2c0e17b532da2fe8"
  integrity sha1-8LDc+RW8X/FSivrbLA4XtTLaL+g=
  dependencies:
    defaults "^1.0.3"

which@^2.0.1:
  version "2.0.2"
  resolved "https://registry.yarnpkg.com/which/-/which-2.0.2.tgz#7c6a8dd0a636a0327e10b59c9286eee93f3f51b1"
  integrity sha512-BLI3Tl1TW3Pvl70l3yq3Y64i+awpwXqsGBYWkkqMtnbXgrMD+yj7rhW0kuEDxzJaYXGjEW5ogapKNMEKNMjibA==
  dependencies:
    isexe "^2.0.0"
